{"1.2.0",
[{<<"decimal">>,{pkg,<<"decimal">>,<<"2.0.0">>},0},
 {<<"jason">>,{pkg,<<"jason">>,<<"1.2.2">>},0}]}.
[
{pkg_hash,[
 {<<"decimal">>, <<"A78296E617B0F5DD4C6CAF57C714431347912FFB1D0842E998E9792B5642D697">>},
 {<<"jason">>, <<"BA43E3F2709FD1AA1DCE90AAABFD039D000469C05C56F0B8E31978E03FA39052">>}]},
{pkg_hash_ext,[
 {<<"decimal">>, <<"34666E9C55DEA81013E77D9D87370FE6CB6291D1EF32F46A1600230B1D44F577">>},
 {<<"jason">>, <<"18A228F5F0058EE183F29F9EAE0805C6E59D61C3B006760668D8D18FF0D12179">>}]}
].
